{
    "_readme": [
        "This file locks the dependencies of your project to a known state",
        "Read more about it at https://getcomposer.org/doc/01-basic-usage.md#installing-dependencies",
        "This file is @generated automatically"
    ],
    "content-hash": "35b13f88d2942af434e6fd0213826ba5",
    "packages": [
        {
            "name": "schillermann/phppages",
            "version": "dev-main",
            "source": {
                "type": "git",
                "url": "https://github.com/schillermann/phppages.git",
                "reference": "7811907ed94167fbac27392f543227c83a44f221"
            },
            "dist": {
                "type": "zip",
                "url": "https://api.github.com/repos/schillermann/phppages/zipball/7811907ed94167fbac27392f543227c83a44f221",
                "reference": "7811907ed94167fbac27392f543227c83a44f221",
                "shasum": ""
            },
            "require-dev": {
                "phpstan/phpstan": "^1.7",
                "phpunit/phpunit": "^9.5"
            },
            "default-branch": true,
            "type": "library",
            "autoload": {
                "psr-4": {
                    "PhpPages\\": "src/"
                }
            },
            "autoload-dev": {
                "psr-4": {
                    "PhpPages\\Tests\\": "tests/"
                }
            },
            "scripts": {
                "analyse": [
                    "vendor\\bin\\phpstan analyse --level 9 src tests"
                ]
            },
            "license": [
                "MIT"
            ],
            "description": "Pages Framework Object Oriented With PHP",
            "support": {
                "source": "https://github.com/schillermann/phppages/tree/main",
                "issues": "https://github.com/schillermann/phppages/issues"
            },
            "time": "2022-07-23T08:20:33+00:00"
        }
    ],
    "packages-dev": [],
    "aliases": [],
    "minimum-stability": "stable",
    "stability-flags": {
        "schillermann/phppages": 20
    },
    "prefer-stable": false,
    "prefer-lowest": false,
    "platform": [],
    "platform-dev": [],
    "plugin-api-version": "2.3.0"
}
